
Microsoft Visual Studio Solution File, Format Version 12.00
# Visual Studio Version 16
VisualStudioVersion = 16.0.30711.63
MinimumVisualStudioVersion = 10.0.40219.1
Project("{2150E333-8FDC-42A3-9474-1A3956D46DE8}") = "FrontEnd", "FrontEnd", "{414CF8FC-5859-43BB-9618-E7C5E78C5ABE}"
EndProject
Project("{9A19103F-16F7-4668-BE54-9A1E7A4F7556}") = "Borito.WEB", "Borito.WEB\Borito.WEB.csproj", "{07F44FF8-1908-45D8-A410-4CC5E27AD076}"
EndProject
Project("{2150E333-8FDC-42A3-9474-1A3956D46DE8}") = "Services", "Services", "{0FEA7D77-487B-4AF0-B256-27CA18E689B7}"
EndProject
Project("{9A19103F-16F7-4668-BE54-9A1E7A4F7556}") = "Borito.Services.ProductApi", "Borito.Services.ProductApi\Borito.Services.ProductApi.csproj", "{70B716A3-9B7F-4E64-B9DA-CBC812F9D048}"
EndProject
Project("{9A19103F-16F7-4668-BE54-9A1E7A4F7556}") = "Borito.Services.Identity", "Borito.Services.Identity\Borito.Services.Identity.csproj", "{3D498531-A4C2-4B7C-8E95-6593E240B608}"
EndProject
Project("{FAE04EC0-301F-11D3-BF4B-00C04F79EFBC}") = "Borito.Services.ShoppingCard.Api", "Borito.Services.ShoppingCard.Api\Borito.Services.ShoppingCard.Api.csproj", "{4AE5B67B-2F23-4742-A843-1247FFA8C553}"
EndProject
Global
	GlobalSection(SolutionConfigurationPlatforms) = preSolution
		Debug|Any CPU = Debug|Any CPU
		Release|Any CPU = Release|Any CPU
	EndGlobalSection
	GlobalSection(ProjectConfigurationPlatforms) = postSolution
		{07F44FF8-1908-45D8-A410-4CC5E27AD076}.Debug|Any CPU.ActiveCfg = Debug|Any CPU
		{07F44FF8-1908-45D8-A410-4CC5E27AD076}.Debug|Any CPU.Build.0 = Debug|Any CPU
		{07F44FF8-1908-45D8-A410-4CC5E27AD076}.Release|Any CPU.ActiveCfg = Release|Any CPU
		{07F44FF8-1908-45D8-A410-4CC5E27AD076}.Release|Any CPU.Build.0 = Release|Any CPU
		{70B716A3-9B7F-4E64-B9DA-CBC812F9D048}.Debug|Any CPU.ActiveCfg = Debug|Any CPU
		{70B716A3-9B7F-4E64-B9DA-CBC812F9D048}.Debug|Any CPU.Build.0 = Debug|Any CPU
		{70B716A3-9B7F-4E64-B9DA-CBC812F9D048}.Release|Any CPU.ActiveCfg = Release|Any CPU
		{70B716A3-9B7F-4E64-B9DA-CBC812F9D048}.Release|Any CPU.Build.0 = Release|Any CPU
		{3D498531-A4C2-4B7C-8E95-6593E240B608}.Debug|Any CPU.ActiveCfg = Debug|Any CPU
		{3D498531-A4C2-4B7C-8E95-6593E240B608}.Debug|Any CPU.Build.0 = Debug|Any CPU
		{3D498531-A4C2-4B7C-8E95-6593E240B608}.Release|Any CPU.ActiveCfg = Release|Any CPU
		{3D498531-A4C2-4B7C-8E95-6593E240B608}.Release|Any CPU.Build.0 = Release|Any CPU
		{4AE5B67B-2F23-4742-A843-1247FFA8C553}.Debug|Any CPU.ActiveCfg = Debug|Any CPU
		{4AE5B67B-2F23-4742-A843-1247FFA8C553}.Debug|Any CPU.Build.0 = Debug|Any CPU
		{4AE5B67B-2F23-4742-A843-1247FFA8C553}.Release|Any CPU.ActiveCfg = Release|Any CPU
		{4AE5B67B-2F23-4742-A843-1247FFA8C553}.Release|Any CPU.Build.0 = Release|Any CPU
	EndGlobalSection
	GlobalSection(SolutionProperties) = preSolution
		HideSolutionNode = FALSE
	EndGlobalSection
	GlobalSection(NestedProjects) = preSolution
		{07F44FF8-1908-45D8-A410-4CC5E27AD076} = {414CF8FC-5859-43BB-9618-E7C5E78C5ABE}
		{70B716A3-9B7F-4E64-B9DA-CBC812F9D048} = {0FEA7D77-487B-4AF0-B256-27CA18E689B7}
		{3D498531-A4C2-4B7C-8E95-6593E240B608} = {0FEA7D77-487B-4AF0-B256-27CA18E689B7}
		{4AE5B67B-2F23-4742-A843-1247FFA8C553} = {0FEA7D77-487B-4AF0-B256-27CA18E689B7}
	EndGlobalSection
	GlobalSection(ExtensibilityGlobals) = postSolution
		SolutionGuid = {74E0F0CF-0F30-4687-BF8F-CAB7A6A10127}
	EndGlobalSection
EndGlobal
